
Microsoft Visual Studio Solution File, Format Version 12.00
# Visual Studio Version 17
VisualStudioVersion = 17.14.37710.0 d17.14
MinimumVisualStudioVersion = 10.0.40219.1
Project("{FAE04EC0-301F-11D3-BF4B-00C04F79EFBC}") = "homework_assignment", "homework_assignment\homework_assignment.csproj", "{B5ADE4DB-C9CA-43CB-A723-3B26D9C11A2D}"
EndProject
Global
	GlobalSection(SolutionConfigurationPlatforms) = preSolution
		Debug|Any CPU = Debug|Any CPU
		Release|Any CPU = Release|Any CPU
	EndGlobalSection
	GlobalSection(ProjectConfigurationPlatforms) = postSolution
		{B5ADE4DB-C9CA-43CB-A723-3B26D9C11A2D}.Debug|Any CPU.ActiveCfg = Debug|Any CPU
		{B5ADE4DB-C9CA-43CB-A723-3B26D9C11A2D}.Debug|Any CPU.Build.0 = Debug|Any CPU
		{B5ADE4DB-C9CA-43CB-A723-3B26D9C11A2D}.Release|Any CPU.ActiveCfg = Release|Any CPU
		{B5ADE4DB-C9CA-43CB-A723-3B26D9C11A2D}.Release|Any CPU.Build.0 = Release|Any CPU
	EndGlobalSection
	GlobalSection(SolutionProperties) = preSolution
		HideSolutionNode = FALSE
	EndGlobalSection
	GlobalSection(ExtensibilityGlobals) = postSolution
		SolutionGuid = {46FEB2A2-2681-4671-B9A6-F69FD8F0F112}
	EndGlobalSection
EndGlobal
